PODS:
  - Alamofire (4.0.0)
  - Reveal-SDK (7)

DEPENDENCIES:
  - Alamofire (~> 4.0)
  - Reveal-SDK

SPEC CHECKSUMS:
  Alamofire: fef59f00388f267e52d9b432aa5d93dc97190f14
  Reveal-SDK: 564657bc66c93d2718b1c0121cdebe99d354ddab

PODFILE CHECKSUM: 2900d78138794f50244ae7cc99b519cca6cbb747

COCOAPODS: 1.2.0
